<?xml version="1.0" encoding="utf-8"?>
<Project ToolsVersion="4.0" xmlns="http://schemas.microsoft.com/developer/msbuild/2003">
  <ItemGroup>
    <Filter Include="Source Files">
      <UniqueIdentifier>{4FC737F1-C7A5-4376-A066-2A32D752A2FF}</UniqueIdentifier>
      <Extensions>cpp;c;cc;cxx;def;odl;idl;hpj;bat;asm;asmx</Extensions>
    </Filter>
    <Filter Include="Source Files\db">
      <UniqueIdentifier>{fe08292f-0d98-4bcc-bab8-548a55bc613f}</UniqueIdentifier>
    </Filter>
    <Filter Include="Source Files\handler">
      <UniqueIdentifier>{78fa9d69-82c8-49b7-b282-7bda341d7ad3}</UniqueIdentifier>
    </Filter>
    <Filter Include="Header Files">
      <UniqueIdentifier>{93995380-89BD-4b04-88EB-625FBE52EBFB}</UniqueIdentifier>
      <Extensions>h;hpp;hxx;hm;inl;inc;xsd</Extensions>
    </Filter>
    <Filter Include="DBSQL">
      <UniqueIdentifier>{a77836f3-7955-47f5-952e-7479d9adea66}</UniqueIdentifier>
    </Filter>
    <Filter Include="DBINI">
      <UniqueIdentifier>{6290e3ef-5018-4052-896b-048bce8f294a}</UniqueIdentifier>
    </Filter>
  </ItemGroup>
  <ItemGroup>
    <ClCompile Include="main.cpp">
      <Filter>Source Files</Filter>
    </ClCompile>
    <ClCompile Include="rt_session.cpp">
      <Filter>Source Files</Filter>
    </ClCompile>
    <ClCompile Include="StdAfx.cpp">
      <Filter>Source Files</Filter>
    </ClCompile>
    <ClCompile Include="TimeChecker.cpp">
      <Filter>Source Files</Filter>
    </ClCompile>
    <ClCompile Include="LoongDB.cpp">
      <Filter>Source Files\db</Filter>
    </ClCompile>
    <ClCompile Include="loongdb_common.cpp">
      <Filter>Source Files\db</Filter>
    </ClCompile>
    <ClCompile Include="LoongDB_famehall.cpp">
      <Filter>Source Files\db</Filter>
    </ClCompile>
    <ClCompile Include="loongdb_guild.cpp">
      <Filter>Source Files\db</Filter>
    </ClCompile>
    <ClCompile Include="loongdb_log.cpp">
      <Filter>Source Files\db</Filter>
    </ClCompile>
    <ClCompile Include="loongdb_role.cpp">
      <Filter>Source Files\db</Filter>
    </ClCompile>
    <ClCompile Include="LoongDBLoad.cpp">
      <Filter>Source Files\db</Filter>
    </ClCompile>
    <ClCompile Include="LoongDBOther.cpp">
      <Filter>Source Files\db</Filter>
    </ClCompile>
    <ClCompile Include="LoongDBSave.cpp">
      <Filter>Source Files\db</Filter>
    </ClCompile>
    <ClCompile Include="LoongDBTempMethod.cpp">
      <Filter>Source Files\db</Filter>
    </ClCompile>
    <ClCompile Include="Loong.cpp">
      <Filter>Source Files\handler</Filter>
    </ClCompile>
    <ClCompile Include="loong_common.cpp">
      <Filter>Source Files\handler</Filter>
    </ClCompile>
    <ClCompile Include="Loong_famehall.cpp">
      <Filter>Source Files\handler</Filter>
    </ClCompile>
    <ClCompile Include="loong_guild.cpp">
      <Filter>Source Files\handler</Filter>
    </ClCompile>
    <ClCompile Include="loong_log.cpp">
      <Filter>Source Files\handler</Filter>
    </ClCompile>
    <ClCompile Include="loong_pet.cpp">
      <Filter>Source Files\handler</Filter>
    </ClCompile>
    <ClCompile Include="loong_register.cpp">
      <Filter>Source Files\handler</Filter>
    </ClCompile>
    <ClCompile Include="loong_test.cpp">
      <Filter>Source Files\handler</Filter>
    </ClCompile>
    <ClCompile Include="loong_vip_netbar.cpp">
      <Filter>Source Files\handler</Filter>
    </ClCompile>
    <ClCompile Include="LoongProcMsg.cpp">
      <Filter>Source Files\handler</Filter>
    </ClCompile>
  </ItemGroup>
  <ItemGroup>
    <ClInclude Include="Loong.h">
      <Filter>Header Files</Filter>
    </ClInclude>
    <ClInclude Include="LoongDB.h">
      <Filter>Header Files</Filter>
    </ClInclude>
    <ClInclude Include="ResGuard.h">
      <Filter>Header Files</Filter>
    </ClInclude>
    <ClInclude Include="rt_session.h">
      <Filter>Header Files</Filter>
    </ClInclude>
    <ClInclude Include="StdAfx.h">
      <Filter>Header Files</Filter>
    </ClInclude>
    <ClInclude Include="TimeChecker.h">
      <Filter>Header Files</Filter>
    </ClInclude>
  </ItemGroup>
  <ItemGroup>
    <None Include="loong_db.sql">
      <Filter>DBSQL</Filter>
    </None>
    <None Include="loong_db_update.sql">
      <Filter>DBSQL</Filter>
    </None>
    <None Include="loong_dblog.sql">
      <Filter>DBSQL</Filter>
    </None>
    <None Include="loong_dblog_update.sql">
      <Filter>DBSQL</Filter>
    </None>
    <None Include="world.ini">
      <Filter>DBINI</Filter>
    </None>
    <None Include="小三世界.ini">
      <Filter>DBINI</Filter>
    </None>
  </ItemGroup>
</Project>