
Microsoft Visual Studio Solution File, Format Version 10.00
# Visual Studio 2008
Project("{2150E333-8FDC-42A3-9474-1A3956D46DE8}") = "Client", "Client", "{AC22E86F-5FA3-4F6B-90B5-543A1EE9A570}"
EndProject
Project("{2150E333-8FDC-42A3-9474-1A3956D46DE8}") = "Servers", "Servers", "{F47EE334-92C8-4037-8C4E-7206144542C4}"
EndProject
Project("{2150E333-8FDC-42A3-9474-1A3956D46DE8}") = "Base", "Base", "{F8D4A5A7-18D5-4FCB-B16F-D8D9F04F2C69}"
EndProject
Project("{2150E333-8FDC-42A3-9474-1A3956D46DE8}") = "Tools", "Tools", "{206542D8-39AA-4A00-8F98-BABB40872B96}"
EndProject
Project("{2150E333-8FDC-42A3-9474-1A3956D46DE8}") = "RTService", "RTService", "{A9041F49-1A8A-42FC-A1DF-51D74EF3A9EB}"
EndProject
Project("{2150E333-8FDC-42A3-9474-1A3956D46DE8}") = "Editors", "Editors", "{6655056A-85B8-4DF9-BA92-F3874D8BC52C}"
EndProject
Project("{8BC9CEB8-8B4A-11D0-8D11-00A0C91BC942}") = "Client", "Client\Client.vcproj", "{4D7E7DD6-4B75-4D3B-8575-8D3B1967C099}"
	ProjectSection(ProjectDependencies) = postProject
		{B976C603-FAD7-416E-9E47-B74FD5AA2EAA} = {B976C603-FAD7-416E-9E47-B74FD5AA2EAA}
		{354CC39D-7E52-4F76-8F48-F7C7B46B4BCB} = {354CC39D-7E52-4F76-8F48-F7C7B46B4BCB}
		{00C176DA-FE8F-442B-BBAC-084D8E69E439} = {00C176DA-FE8F-442B-BBAC-084D8E69E439}
		{9DDD08AA-08AC-4989-9A73-4309F332E75D} = {9DDD08AA-08AC-4989-9A73-4309F332E75D}
		{B3CB1323-2921-47CF-ABAF-BA0253C839B5} = {B3CB1323-2921-47CF-ABAF-BA0253C839B5}
	EndProjectSection
EndProject
Project("{8BC9CEB8-8B4A-11D0-8D11-00A0C91BC942}") = "vEngine", "vEngine\vEngine.vcproj", "{B976C603-FAD7-416E-9E47-B74FD5AA2EAA}"
	ProjectSection(ProjectDependencies) = postProject
		{354CC39D-7E52-4F76-8F48-F7C7B46B4BCB} = {354CC39D-7E52-4F76-8F48-F7C7B46B4BCB}
	EndProjectSection
EndProject
Project("{8BC9CEB8-8B4A-11D0-8D11-00A0C91BC942}") = "Cool3D", "Cool3D\Cool3D.vcproj", "{B3CB1323-2921-47CF-ABAF-BA0253C839B5}"
EndProject
Project("{8BC9CEB8-8B4A-11D0-8D11-00A0C91BC942}") = "Lua", "Lua\Lua.vcproj", "{354CC39D-7E52-4F76-8F48-F7C7B46B4BCB}"
EndProject
Project("{8BC9CEB8-8B4A-11D0-8D11-00A0C91BC942}") = "WorldBase", "WorldBase\WorldBase.vcproj", "{9DDD08AA-08AC-4989-9A73-4309F332E75D}"
	ProjectSection(ProjectDependencies) = postProject
		{B3CB1323-2921-47CF-ABAF-BA0253C839B5} = {B3CB1323-2921-47CF-ABAF-BA0253C839B5}
		{E0974098-C94F-4F97-B141-A292E3671248} = {E0974098-C94F-4F97-B141-A292E3671248}
	EndProjectSection
EndProject
Project("{8BC9CEB8-8B4A-11D0-8D11-00A0C91BC942}") = "WorldDefine", "WorldDefine\WorldDefine.vcproj", "{00C176DA-FE8F-442B-BBAC-084D8E69E439}"
	ProjectSection(ProjectDependencies) = postProject
		{B976C603-FAD7-416E-9E47-B74FD5AA2EAA} = {B976C603-FAD7-416E-9E47-B74FD5AA2EAA}
	EndProjectSection
EndProject
Project("{8BC9CEB8-8B4A-11D0-8D11-00A0C91BC942}") = "XMLReader", "XMLReader\XMLReader.vcproj", "{E0974098-C94F-4F97-B141-A292E3671248}"
EndProject
Project("{8BC9CEB8-8B4A-11D0-8D11-00A0C91BC942}") = "Beton", "Beton\Beton.vcproj", "{6C6BDA44-0D75-4D12-B05E-74E387188B84}"
EndProject
Project("{8BC9CEB8-8B4A-11D0-8D11-00A0C91BC942}") = "ServerDefine", "ServerDefine\ServerDefine.vcproj", "{BD9531B8-6CAB-45EE-B087-CE3EDCD39A36}"
EndProject
Project("{8BC9CEB8-8B4A-11D0-8D11-00A0C91BC942}") = "LoginServer", "LoongLogin\LoginServer.vcproj", "{D32AFDD2-C69D-4AD2-8C67-EA97DB6CB26F}"
	ProjectSection(ProjectDependencies) = postProject
		{B976C603-FAD7-416E-9E47-B74FD5AA2EAA} = {B976C603-FAD7-416E-9E47-B74FD5AA2EAA}
		{6C6BDA44-0D75-4D12-B05E-74E387188B84} = {6C6BDA44-0D75-4D12-B05E-74E387188B84}
		{354CC39D-7E52-4F76-8F48-F7C7B46B4BCB} = {354CC39D-7E52-4F76-8F48-F7C7B46B4BCB}
		{BD9531B8-6CAB-45EE-B087-CE3EDCD39A36} = {BD9531B8-6CAB-45EE-B087-CE3EDCD39A36}
		{00C176DA-FE8F-442B-BBAC-084D8E69E439} = {00C176DA-FE8F-442B-BBAC-084D8E69E439}
	EndProjectSection
EndProject
Project("{8BC9CEB8-8B4A-11D0-8D11-00A0C91BC942}") = "LoongDB", "LoongDB\LoongDB.vcproj", "{C40C39F4-5CC2-489F-A392-73CBBBD82254}"
	ProjectSection(ProjectDependencies) = postProject
		{00C176DA-FE8F-442B-BBAC-084D8E69E439} = {00C176DA-FE8F-442B-BBAC-084D8E69E439}
		{BD9531B8-6CAB-45EE-B087-CE3EDCD39A36} = {BD9531B8-6CAB-45EE-B087-CE3EDCD39A36}
		{354CC39D-7E52-4F76-8F48-F7C7B46B4BCB} = {354CC39D-7E52-4F76-8F48-F7C7B46B4BCB}
		{6C6BDA44-0D75-4D12-B05E-74E387188B84} = {6C6BDA44-0D75-4D12-B05E-74E387188B84}
		{B976C603-FAD7-416E-9E47-B74FD5AA2EAA} = {B976C603-FAD7-416E-9E47-B74FD5AA2EAA}
	EndProjectSection
EndProject
Project("{8BC9CEB8-8B4A-11D0-8D11-00A0C91BC942}") = "LoongBillServer", "LoongBillServer\LoongBillServer.vcproj", "{C717F4F7-F9B2-4410-80B1-17BDF9E2F95B}"
	ProjectSection(ProjectDependencies) = postProject
		{B976C603-FAD7-416E-9E47-B74FD5AA2EAA} = {B976C603-FAD7-416E-9E47-B74FD5AA2EAA}
		{6C6BDA44-0D75-4D12-B05E-74E387188B84} = {6C6BDA44-0D75-4D12-B05E-74E387188B84}
		{354CC39D-7E52-4F76-8F48-F7C7B46B4BCB} = {354CC39D-7E52-4F76-8F48-F7C7B46B4BCB}
		{BD9531B8-6CAB-45EE-B087-CE3EDCD39A36} = {BD9531B8-6CAB-45EE-B087-CE3EDCD39A36}
		{00C176DA-FE8F-442B-BBAC-084D8E69E439} = {00C176DA-FE8F-442B-BBAC-084D8E69E439}
	EndProjectSection
EndProject
Project("{8BC9CEB8-8B4A-11D0-8D11-00A0C91BC942}") = "LoongGMServer", "LoongGMServer\LoongGMServer.vcproj", "{7F602208-FC2E-4468-94CC-EBAFC8B8E736}"
	ProjectSection(ProjectDependencies) = postProject
		{BD9531B8-6CAB-45EE-B087-CE3EDCD39A36} = {BD9531B8-6CAB-45EE-B087-CE3EDCD39A36}
		{354CC39D-7E52-4F76-8F48-F7C7B46B4BCB} = {354CC39D-7E52-4F76-8F48-F7C7B46B4BCB}
		{6C6BDA44-0D75-4D12-B05E-74E387188B84} = {6C6BDA44-0D75-4D12-B05E-74E387188B84}
		{B976C603-FAD7-416E-9E47-B74FD5AA2EAA} = {B976C603-FAD7-416E-9E47-B74FD5AA2EAA}
	EndProjectSection
EndProject
Project("{8BC9CEB8-8B4A-11D0-8D11-00A0C91BC942}") = "LoongWorld", "LoongWorld\LoongWorld.vcproj", "{950A5882-B9EE-4B12-A4A8-F59BE569DC13}"
	ProjectSection(ProjectDependencies) = postProject
		{B976C603-FAD7-416E-9E47-B74FD5AA2EAA} = {B976C603-FAD7-416E-9E47-B74FD5AA2EAA}
		{6C6BDA44-0D75-4D12-B05E-74E387188B84} = {6C6BDA44-0D75-4D12-B05E-74E387188B84}
		{354CC39D-7E52-4F76-8F48-F7C7B46B4BCB} = {354CC39D-7E52-4F76-8F48-F7C7B46B4BCB}
		{9DDD08AA-08AC-4989-9A73-4309F332E75D} = {9DDD08AA-08AC-4989-9A73-4309F332E75D}
		{BD9531B8-6CAB-45EE-B087-CE3EDCD39A36} = {BD9531B8-6CAB-45EE-B087-CE3EDCD39A36}
		{00C176DA-FE8F-442B-BBAC-084D8E69E439} = {00C176DA-FE8F-442B-BBAC-084D8E69E439}
	EndProjectSection
EndProject
Project("{8BC9CEB8-8B4A-11D0-8D11-00A0C91BC942}") = "RTService", "LocalRtService\RTService.vcproj", "{8C099B14-BA7E-4274-A499-96C13B86F5DD}"
	ProjectSection(ProjectDependencies) = postProject
		{354CC39D-7E52-4F76-8F48-F7C7B46B4BCB} = {354CC39D-7E52-4F76-8F48-F7C7B46B4BCB}
		{B976C603-FAD7-416E-9E47-B74FD5AA2EAA} = {B976C603-FAD7-416E-9E47-B74FD5AA2EAA}
	EndProjectSection
EndProject
Project("{8BC9CEB8-8B4A-11D0-8D11-00A0C91BC942}") = "CPack2009", "Cpack2009\CPack.vcproj", "{BA0CABC0-6B20-4EC5-8125-3AEAA2EF272E}"
EndProject
Project("{8BC9CEB8-8B4A-11D0-8D11-00A0C91BC942}") = "RTClient", "RTClient\RTClient.vcproj", "{7AFE0F67-1DD0-4C88-BEEB-164D61BB2575}"
	ProjectSection(ProjectDependencies) = postProject
		{00C176DA-FE8F-442B-BBAC-084D8E69E439} = {00C176DA-FE8F-442B-BBAC-084D8E69E439}
	EndProjectSection
EndProject
Project("{8BC9CEB8-8B4A-11D0-8D11-00A0C91BC942}") = "vuiEditor", "VUIEditor\vuieditor.vcproj", "{B5A0DC92-3822-4A66-AED7-0C8CA8B4EE4B}"
	ProjectSection(ProjectDependencies) = postProject
		{B976C603-FAD7-416E-9E47-B74FD5AA2EAA} = {B976C603-FAD7-416E-9E47-B74FD5AA2EAA}
	EndProjectSection
EndProject
Project("{8BC9CEB8-8B4A-11D0-8D11-00A0C91BC942}") = "LoongQuestEditor-wx", "LoongQuestEditor-wx\LoongQuestEditor-wx.vcproj", "{40C63CFE-80DE-40FF-8646-AB9C9BE476A8}"
	ProjectSection(ProjectDependencies) = postProject
		{00C176DA-FE8F-442B-BBAC-084D8E69E439} = {00C176DA-FE8F-442B-BBAC-084D8E69E439}
	EndProjectSection
EndProject
Project("{8BC9CEB8-8B4A-11D0-8D11-00A0C91BC942}") = "Dxt", "Dxt\Dxt.vcproj", "{1DC8EE91-15B5-42A3-8844-98A123294444}"
EndProject
Project("{8BC9CEB8-8B4A-11D0-8D11-00A0C91BC942}") = "Cool3DView", "Cool3DView\Cool3DView.vcproj", "{DB630BC8-89D3-46A0-A4C8-CF67D8C79162}"
EndProject
Project("{8BC9CEB8-8B4A-11D0-8D11-00A0C91BC942}") = "NavMapEditor", "NavMapEditor\NavMapEditor.vcproj", "{BF10AA24-6CAB-4FA2-BD46-63165EF7B072}"
	ProjectSection(ProjectDependencies) = postProject
		{B3CB1323-2921-47CF-ABAF-BA0253C839B5} = {B3CB1323-2921-47CF-ABAF-BA0253C839B5}
		{9DDD08AA-08AC-4989-9A73-4309F332E75D} = {9DDD08AA-08AC-4989-9A73-4309F332E75D}
	EndProjectSection
EndProject
Project("{8BC9CEB8-8B4A-11D0-8D11-00A0C91BC942}") = "SFXEditor", "SFXEditor\SFXEditor.vcproj", "{898D0B44-969E-4041-9B6B-45B0C8628FBD}"
EndProject
Project("{8BC9CEB8-8B4A-11D0-8D11-00A0C91BC942}") = "TerrainEditor", "TerrainEditor\TerrainEditor.vcproj", "{4D3778EF-1D1F-4BE4-B736-D0222628A47B}"
EndProject
Project("{8BC9CEB8-8B4A-11D0-8D11-00A0C91BC942}") = "WorldEditor", "WorldEditor\WorldEditor.vcproj", "{046028AB-3DA0-44F2-8C02-B6BA1CD12114}"
	ProjectSection(ProjectDependencies) = postProject
		{4D3778EF-1D1F-4BE4-B736-D0222628A47B} = {4D3778EF-1D1F-4BE4-B736-D0222628A47B}
		{898D0B44-969E-4041-9B6B-45B0C8628FBD} = {898D0B44-969E-4041-9B6B-45B0C8628FBD}
		{BF10AA24-6CAB-4FA2-BD46-63165EF7B072} = {BF10AA24-6CAB-4FA2-BD46-63165EF7B072}
		{7BC9E418-AF84-492E-8104-66F4EFE9119E} = {7BC9E418-AF84-492E-8104-66F4EFE9119E}
	EndProjectSection
EndProject
Project("{8BC9CEB8-8B4A-11D0-8D11-00A0C91BC942}") = "MapEditor", "MapEditor\MapEditor.vcproj", "{7BC9E418-AF84-492E-8104-66F4EFE9119E}"
EndProject
Project("{8BC9CEB8-8B4A-11D0-8D11-00A0C91BC942}") = "EffectAttacher", "EffectAttacher\EffectAttacher.vcproj", "{92756517-538A-462D-8E95-09321890895E}"
EndProject
Project("{8BC9CEB8-8B4A-11D0-8D11-00A0C91BC942}") = "SumShower", "SumShower\SumShower.vcproj", "{744EE021-CB7B-4225-AEFD-477D9BE62DA9}"
	ProjectSection(ProjectDependencies) = postProject
		{BD9531B8-6CAB-45EE-B087-CE3EDCD39A36} = {BD9531B8-6CAB-45EE-B087-CE3EDCD39A36}
		{00C176DA-FE8F-442B-BBAC-084D8E69E439} = {00C176DA-FE8F-442B-BBAC-084D8E69E439}
	EndProjectSection
EndProject
Global
	GlobalSection(SolutionConfigurationPlatforms) = preSolution
		Debug|Win32 = Debug|Win32
		Release|Win32 = Release|Win32
	EndGlobalSection
	GlobalSection(ProjectConfigurationPlatforms) = postSolution
		{4D7E7DD6-4B75-4D3B-8575-8D3B1967C099}.Debug|Win32.ActiveCfg = Debug|Win32
		{4D7E7DD6-4B75-4D3B-8575-8D3B1967C099}.Debug|Win32.Build.0 = Debug|Win32
		{4D7E7DD6-4B75-4D3B-8575-8D3B1967C099}.Release|Win32.ActiveCfg = Release|Win32
		{4D7E7DD6-4B75-4D3B-8575-8D3B1967C099}.Release|Win32.Build.0 = Release|Win32
		{B976C603-FAD7-416E-9E47-B74FD5AA2EAA}.Debug|Win32.ActiveCfg = Debug|Win32
		{B976C603-FAD7-416E-9E47-B74FD5AA2EAA}.Debug|Win32.Build.0 = Debug|Win32
		{B976C603-FAD7-416E-9E47-B74FD5AA2EAA}.Release|Win32.ActiveCfg = Release|Win32
		{B976C603-FAD7-416E-9E47-B74FD5AA2EAA}.Release|Win32.Build.0 = Release|Win32
		{B3CB1323-2921-47CF-ABAF-BA0253C839B5}.Debug|Win32.ActiveCfg = Debug|Win32
		{B3CB1323-2921-47CF-ABAF-BA0253C839B5}.Debug|Win32.Build.0 = Debug|Win32
		{B3CB1323-2921-47CF-ABAF-BA0253C839B5}.Release|Win32.ActiveCfg = Release|Win32
		{B3CB1323-2921-47CF-ABAF-BA0253C839B5}.Release|Win32.Build.0 = Release|Win32
		{354CC39D-7E52-4F76-8F48-F7C7B46B4BCB}.Debug|Win32.ActiveCfg = Debug|Win32
		{354CC39D-7E52-4F76-8F48-F7C7B46B4BCB}.Debug|Win32.Build.0 = Debug|Win32
		{354CC39D-7E52-4F76-8F48-F7C7B46B4BCB}.Release|Win32.ActiveCfg = Release|Win32
		{354CC39D-7E52-4F76-8F48-F7C7B46B4BCB}.Release|Win32.Build.0 = Release|Win32
		{9DDD08AA-08AC-4989-9A73-4309F332E75D}.Debug|Win32.ActiveCfg = Debug|Win32
		{9DDD08AA-08AC-4989-9A73-4309F332E75D}.Debug|Win32.Build.0 = Debug|Win32
		{9DDD08AA-08AC-4989-9A73-4309F332E75D}.Release|Win32.ActiveCfg = Release|Win32
		{9DDD08AA-08AC-4989-9A73-4309F332E75D}.Release|Win32.Build.0 = Release|Win32
		{00C176DA-FE8F-442B-BBAC-084D8E69E439}.Debug|Win32.ActiveCfg = Debug|Win32
		{00C176DA-FE8F-442B-BBAC-084D8E69E439}.Debug|Win32.Build.0 = Debug|Win32
		{00C176DA-FE8F-442B-BBAC-084D8E69E439}.Release|Win32.ActiveCfg = Release|Win32
		{00C176DA-FE8F-442B-BBAC-084D8E69E439}.Release|Win32.Build.0 = Release|Win32
		{E0974098-C94F-4F97-B141-A292E3671248}.Debug|Win32.ActiveCfg = Debug|Win32
		{E0974098-C94F-4F97-B141-A292E3671248}.Debug|Win32.Build.0 = Debug|Win32
		{E0974098-C94F-4F97-B141-A292E3671248}.Release|Win32.ActiveCfg = Release|Win32
		{E0974098-C94F-4F97-B141-A292E3671248}.Release|Win32.Build.0 = Release|Win32
		{6C6BDA44-0D75-4D12-B05E-74E387188B84}.Debug|Win32.ActiveCfg = Debug|Win32
		{6C6BDA44-0D75-4D12-B05E-74E387188B84}.Debug|Win32.Build.0 = Debug|Win32
		{6C6BDA44-0D75-4D12-B05E-74E387188B84}.Release|Win32.ActiveCfg = Release|Win32
		{6C6BDA44-0D75-4D12-B05E-74E387188B84}.Release|Win32.Build.0 = Release|Win32
		{BD9531B8-6CAB-45EE-B087-CE3EDCD39A36}.Debug|Win32.ActiveCfg = Debug|Win32
		{BD9531B8-6CAB-45EE-B087-CE3EDCD39A36}.Debug|Win32.Build.0 = Debug|Win32
		{BD9531B8-6CAB-45EE-B087-CE3EDCD39A36}.Release|Win32.ActiveCfg = Release|Win32
		{BD9531B8-6CAB-45EE-B087-CE3EDCD39A36}.Release|Win32.Build.0 = Release|Win32
		{D32AFDD2-C69D-4AD2-8C67-EA97DB6CB26F}.Debug|Win32.ActiveCfg = Debug|Win32
		{D32AFDD2-C69D-4AD2-8C67-EA97DB6CB26F}.Debug|Win32.Build.0 = Debug|Win32
		{D32AFDD2-C69D-4AD2-8C67-EA97DB6CB26F}.Release|Win32.ActiveCfg = Release|Win32
		{D32AFDD2-C69D-4AD2-8C67-EA97DB6CB26F}.Release|Win32.Build.0 = Release|Win32
		{C40C39F4-5CC2-489F-A392-73CBBBD82254}.Debug|Win32.ActiveCfg = Debug|Win32
		{C40C39F4-5CC2-489F-A392-73CBBBD82254}.Debug|Win32.Build.0 = Debug|Win32
		{C40C39F4-5CC2-489F-A392-73CBBBD82254}.Release|Win32.ActiveCfg = Release|Win32
		{C40C39F4-5CC2-489F-A392-73CBBBD82254}.Release|Win32.Build.0 = Release|Win32
		{C717F4F7-F9B2-4410-80B1-17BDF9E2F95B}.Debug|Win32.ActiveCfg = Debug|Win32
		{C717F4F7-F9B2-4410-80B1-17BDF9E2F95B}.Debug|Win32.Build.0 = Debug|Win32
		{C717F4F7-F9B2-4410-80B1-17BDF9E2F95B}.Release|Win32.ActiveCfg = Release|Win32
		{C717F4F7-F9B2-4410-80B1-17BDF9E2F95B}.Release|Win32.Build.0 = Release|Win32
		{7F602208-FC2E-4468-94CC-EBAFC8B8E736}.Debug|Win32.ActiveCfg = Debug|Win32
		{7F602208-FC2E-4468-94CC-EBAFC8B8E736}.Debug|Win32.Build.0 = Debug|Win32
		{7F602208-FC2E-4468-94CC-EBAFC8B8E736}.Release|Win32.ActiveCfg = Release|Win32
		{7F602208-FC2E-4468-94CC-EBAFC8B8E736}.Release|Win32.Build.0 = Release|Win32
		{950A5882-B9EE-4B12-A4A8-F59BE569DC13}.Debug|Win32.ActiveCfg = Debug|Win32
		{950A5882-B9EE-4B12-A4A8-F59BE569DC13}.Debug|Win32.Build.0 = Debug|Win32
		{950A5882-B9EE-4B12-A4A8-F59BE569DC13}.Release|Win32.ActiveCfg = Release|Win32
		{950A5882-B9EE-4B12-A4A8-F59BE569DC13}.Release|Win32.Build.0 = Release|Win32
		{8C099B14-BA7E-4274-A499-96C13B86F5DD}.Debug|Win32.ActiveCfg = Debug|Win32
		{8C099B14-BA7E-4274-A499-96C13B86F5DD}.Debug|Win32.Build.0 = Debug|Win32
		{8C099B14-BA7E-4274-A499-96C13B86F5DD}.Release|Win32.ActiveCfg = Release|Win32
		{8C099B14-BA7E-4274-A499-96C13B86F5DD}.Release|Win32.Build.0 = Release|Win32
		{BA0CABC0-6B20-4EC5-8125-3AEAA2EF272E}.Debug|Win32.ActiveCfg = Debug|Win32
		{BA0CABC0-6B20-4EC5-8125-3AEAA2EF272E}.Debug|Win32.Build.0 = Debug|Win32
		{BA0CABC0-6B20-4EC5-8125-3AEAA2EF272E}.Release|Win32.ActiveCfg = Release|Win32
		{BA0CABC0-6B20-4EC5-8125-3AEAA2EF272E}.Release|Win32.Build.0 = Release|Win32
		{7AFE0F67-1DD0-4C88-BEEB-164D61BB2575}.Debug|Win32.ActiveCfg = Debug|Win32
		{7AFE0F67-1DD0-4C88-BEEB-164D61BB2575}.Debug|Win32.Build.0 = Debug|Win32
		{7AFE0F67-1DD0-4C88-BEEB-164D61BB2575}.Release|Win32.ActiveCfg = Release|Win32
		{7AFE0F67-1DD0-4C88-BEEB-164D61BB2575}.Release|Win32.Build.0 = Release|Win32
		{B5A0DC92-3822-4A66-AED7-0C8CA8B4EE4B}.Debug|Win32.ActiveCfg = Debug|Win32
		{B5A0DC92-3822-4A66-AED7-0C8CA8B4EE4B}.Debug|Win32.Build.0 = Debug|Win32
		{B5A0DC92-3822-4A66-AED7-0C8CA8B4EE4B}.Release|Win32.ActiveCfg = Release|Win32
		{B5A0DC92-3822-4A66-AED7-0C8CA8B4EE4B}.Release|Win32.Build.0 = Release|Win32
		{40C63CFE-80DE-40FF-8646-AB9C9BE476A8}.Debug|Win32.ActiveCfg = Debug|Win32
		{40C63CFE-80DE-40FF-8646-AB9C9BE476A8}.Debug|Win32.Build.0 = Debug|Win32
		{40C63CFE-80DE-40FF-8646-AB9C9BE476A8}.Release|Win32.ActiveCfg = Release|Win32
		{40C63CFE-80DE-40FF-8646-AB9C9BE476A8}.Release|Win32.Build.0 = Release|Win32
		{1DC8EE91-15B5-42A3-8844-98A123294444}.Debug|Win32.ActiveCfg = Debug|Win32
		{1DC8EE91-15B5-42A3-8844-98A123294444}.Debug|Win32.Build.0 = Debug|Win32
		{1DC8EE91-15B5-42A3-8844-98A123294444}.Release|Win32.ActiveCfg = Release|Win32
		{1DC8EE91-15B5-42A3-8844-98A123294444}.Release|Win32.Build.0 = Release|Win32
		{DB630BC8-89D3-46A0-A4C8-CF67D8C79162}.Debug|Win32.ActiveCfg = Debug|Win32
		{DB630BC8-89D3-46A0-A4C8-CF67D8C79162}.Debug|Win32.Build.0 = Debug|Win32
		{DB630BC8-89D3-46A0-A4C8-CF67D8C79162}.Release|Win32.ActiveCfg = Release|Win32
		{DB630BC8-89D3-46A0-A4C8-CF67D8C79162}.Release|Win32.Build.0 = Release|Win32
		{BF10AA24-6CAB-4FA2-BD46-63165EF7B072}.Debug|Win32.ActiveCfg = Debug|Win32
		{BF10AA24-6CAB-4FA2-BD46-63165EF7B072}.Debug|Win32.Build.0 = Debug|Win32
		{BF10AA24-6CAB-4FA2-BD46-63165EF7B072}.Release|Win32.ActiveCfg = Release|Win32
		{BF10AA24-6CAB-4FA2-BD46-63165EF7B072}.Release|Win32.Build.0 = Release|Win32
		{898D0B44-969E-4041-9B6B-45B0C8628FBD}.Debug|Win32.ActiveCfg = Debug|Win32
		{898D0B44-969E-4041-9B6B-45B0C8628FBD}.Debug|Win32.Build.0 = Debug|Win32
		{898D0B44-969E-4041-9B6B-45B0C8628FBD}.Release|Win32.ActiveCfg = Release|Win32
		{898D0B44-969E-4041-9B6B-45B0C8628FBD}.Release|Win32.Build.0 = Release|Win32
		{4D3778EF-1D1F-4BE4-B736-D0222628A47B}.Debug|Win32.ActiveCfg = Debug|Win32
		{4D3778EF-1D1F-4BE4-B736-D0222628A47B}.Debug|Win32.Build.0 = Debug|Win32
		{4D3778EF-1D1F-4BE4-B736-D0222628A47B}.Release|Win32.ActiveCfg = Release|Win32
		{4D3778EF-1D1F-4BE4-B736-D0222628A47B}.Release|Win32.Build.0 = Release|Win32
		{046028AB-3DA0-44F2-8C02-B6BA1CD12114}.Debug|Win32.ActiveCfg = Debug|Win32
		{046028AB-3DA0-44F2-8C02-B6BA1CD12114}.Debug|Win32.Build.0 = Debug|Win32
		{046028AB-3DA0-44F2-8C02-B6BA1CD12114}.Release|Win32.ActiveCfg = Release|Win32
		{046028AB-3DA0-44F2-8C02-B6BA1CD12114}.Release|Win32.Build.0 = Release|Win32
		{7BC9E418-AF84-492E-8104-66F4EFE9119E}.Debug|Win32.ActiveCfg = Debug|Win32
		{7BC9E418-AF84-492E-8104-66F4EFE9119E}.Debug|Win32.Build.0 = Debug|Win32
		{7BC9E418-AF84-492E-8104-66F4EFE9119E}.Release|Win32.ActiveCfg = Release|Win32
		{7BC9E418-AF84-492E-8104-66F4EFE9119E}.Release|Win32.Build.0 = Release|Win32
		{92756517-538A-462D-8E95-09321890895E}.Debug|Win32.ActiveCfg = Debug|Win32
		{92756517-538A-462D-8E95-09321890895E}.Debug|Win32.Build.0 = Debug|Win32
		{92756517-538A-462D-8E95-09321890895E}.Release|Win32.ActiveCfg = Release|Win32
		{92756517-538A-462D-8E95-09321890895E}.Release|Win32.Build.0 = Release|Win32
		{744EE021-CB7B-4225-AEFD-477D9BE62DA9}.Debug|Win32.ActiveCfg = Debug|Win32
		{744EE021-CB7B-4225-AEFD-477D9BE62DA9}.Debug|Win32.Build.0 = Debug|Win32
		{744EE021-CB7B-4225-AEFD-477D9BE62DA9}.Release|Win32.ActiveCfg = Release|Win32
		{744EE021-CB7B-4225-AEFD-477D9BE62DA9}.Release|Win32.Build.0 = Release|Win32
	EndGlobalSection
	GlobalSection(SolutionProperties) = preSolution
		HideSolutionNode = FALSE
	EndGlobalSection
	GlobalSection(NestedProjects) = preSolution
		{4D7E7DD6-4B75-4D3B-8575-8D3B1967C099} = {AC22E86F-5FA3-4F6B-90B5-543A1EE9A570}
		{B3CB1323-2921-47CF-ABAF-BA0253C839B5} = {AC22E86F-5FA3-4F6B-90B5-543A1EE9A570}
		{6C6BDA44-0D75-4D12-B05E-74E387188B84} = {F47EE334-92C8-4037-8C4E-7206144542C4}
		{BD9531B8-6CAB-45EE-B087-CE3EDCD39A36} = {F47EE334-92C8-4037-8C4E-7206144542C4}
		{D32AFDD2-C69D-4AD2-8C67-EA97DB6CB26F} = {F47EE334-92C8-4037-8C4E-7206144542C4}
		{C40C39F4-5CC2-489F-A392-73CBBBD82254} = {F47EE334-92C8-4037-8C4E-7206144542C4}
		{C717F4F7-F9B2-4410-80B1-17BDF9E2F95B} = {F47EE334-92C8-4037-8C4E-7206144542C4}
		{7F602208-FC2E-4468-94CC-EBAFC8B8E736} = {F47EE334-92C8-4037-8C4E-7206144542C4}
		{950A5882-B9EE-4B12-A4A8-F59BE569DC13} = {F47EE334-92C8-4037-8C4E-7206144542C4}
		{B976C603-FAD7-416E-9E47-B74FD5AA2EAA} = {F8D4A5A7-18D5-4FCB-B16F-D8D9F04F2C69}
		{354CC39D-7E52-4F76-8F48-F7C7B46B4BCB} = {F8D4A5A7-18D5-4FCB-B16F-D8D9F04F2C69}
		{9DDD08AA-08AC-4989-9A73-4309F332E75D} = {F8D4A5A7-18D5-4FCB-B16F-D8D9F04F2C69}
		{00C176DA-FE8F-442B-BBAC-084D8E69E439} = {F8D4A5A7-18D5-4FCB-B16F-D8D9F04F2C69}
		{E0974098-C94F-4F97-B141-A292E3671248} = {F8D4A5A7-18D5-4FCB-B16F-D8D9F04F2C69}
		{6655056A-85B8-4DF9-BA92-F3874D8BC52C} = {206542D8-39AA-4A00-8F98-BABB40872B96}
		{BA0CABC0-6B20-4EC5-8125-3AEAA2EF272E} = {206542D8-39AA-4A00-8F98-BABB40872B96}
		{B5A0DC92-3822-4A66-AED7-0C8CA8B4EE4B} = {206542D8-39AA-4A00-8F98-BABB40872B96}
		{40C63CFE-80DE-40FF-8646-AB9C9BE476A8} = {206542D8-39AA-4A00-8F98-BABB40872B96}
		{1DC8EE91-15B5-42A3-8844-98A123294444} = {206542D8-39AA-4A00-8F98-BABB40872B96}
		{DB630BC8-89D3-46A0-A4C8-CF67D8C79162} = {206542D8-39AA-4A00-8F98-BABB40872B96}
		{92756517-538A-462D-8E95-09321890895E} = {206542D8-39AA-4A00-8F98-BABB40872B96}
		{744EE021-CB7B-4225-AEFD-477D9BE62DA9} = {206542D8-39AA-4A00-8F98-BABB40872B96}
		{8C099B14-BA7E-4274-A499-96C13B86F5DD} = {A9041F49-1A8A-42FC-A1DF-51D74EF3A9EB}
		{7AFE0F67-1DD0-4C88-BEEB-164D61BB2575} = {A9041F49-1A8A-42FC-A1DF-51D74EF3A9EB}
		{BF10AA24-6CAB-4FA2-BD46-63165EF7B072} = {6655056A-85B8-4DF9-BA92-F3874D8BC52C}
		{898D0B44-969E-4041-9B6B-45B0C8628FBD} = {6655056A-85B8-4DF9-BA92-F3874D8BC52C}
		{4D3778EF-1D1F-4BE4-B736-D0222628A47B} = {6655056A-85B8-4DF9-BA92-F3874D8BC52C}
		{046028AB-3DA0-44F2-8C02-B6BA1CD12114} = {6655056A-85B8-4DF9-BA92-F3874D8BC52C}
		{7BC9E418-AF84-492E-8104-66F4EFE9119E} = {6655056A-85B8-4DF9-BA92-F3874D8BC52C}
	EndGlobalSection
	GlobalSection(SubversionScc) = preSolution
		Svn-Managed = True
		Manager = AnkhSVN - Subversion Support for Visual Studio
	EndGlobalSection
EndGlobal
